<?xml version="1.0" encoding="utf-8"?>
<Project ToolsVersion="4.0" xmlns="http://schemas.microsoft.com/developer/msbuild/2003">
  <ItemGroup>
    <Filter Include="Domain">
      <UniqueIdentifier>{11110001-0000-0000-0000-000000000001}</UniqueIdentifier>
    </Filter>
    <Filter Include="Adapter">
      <UniqueIdentifier>{11110002-0000-0000-0000-000000000002}</UniqueIdentifier>
    </Filter>
    <Filter Include="UseCase">
      <UniqueIdentifier>{11110003-0000-0000-0000-000000000003}</UniqueIdentifier>
    </Filter>
    <Filter Include="Profile">
      <UniqueIdentifier>{11110004-0000-0000-0000-000000000004}</UniqueIdentifier>
    </Filter>
    <Filter Include="Public">
      <UniqueIdentifier>{11110005-0000-0000-0000-000000000005}</UniqueIdentifier>
    </Filter>
  </ItemGroup>
  <ItemGroup>
    <ClInclude Include="include\GlimRegionFeatures.h">
      <Filter>Public</Filter>
    </ClInclude>
    <ClInclude Include="src\Domain\Region.h">
      <Filter>Domain</Filter>
    </ClInclude>
    <ClInclude Include="src\Domain\FeatureVector.h">
      <Filter>Domain</Filter>
    </ClInclude>
    <ClInclude Include="src\Domain\ScoreResult.h">
      <Filter>Domain</Filter>
    </ClInclude>
    <ClInclude Include="src\Adapter\RegionExtractor.h">
      <Filter>Adapter</Filter>
    </ClInclude>
    <ClInclude Include="src\Adapter\CsvExporter.h">
      <Filter>Adapter</Filter>
    </ClInclude>
    <ClInclude Include="src\Adapter\IPreprocessor.h">
      <Filter>Adapter</Filter>
    </ClInclude>
    <ClInclude Include="src\UseCase\FeatureCalculator.h">
      <Filter>UseCase</Filter>
    </ClInclude>
    <ClInclude Include="src\UseCase\ScoreNormalizer.h">
      <Filter>UseCase</Filter>
    </ClInclude>
    <ClInclude Include="src\UseCase\SelectShapeRule.h">
      <Filter>UseCase</Filter>
    </ClInclude>
    <ClInclude Include="src\Profile\IniFile.h">
      <Filter>Profile</Filter>
    </ClInclude>
    <ClInclude Include="src\Profile\ProfileLoader.h">
      <Filter>Profile</Filter>
    </ClInclude>
  </ItemGroup>
  <ItemGroup>
    <ClCompile Include="src\Domain\Region.cpp">
      <Filter>Domain</Filter>
    </ClCompile>
    <ClCompile Include="src\Domain\FeatureVector.cpp">
      <Filter>Domain</Filter>
    </ClCompile>
    <ClCompile Include="src\Adapter\RegionExtractor.cpp">
      <Filter>Adapter</Filter>
    </ClCompile>
    <ClCompile Include="src\Adapter\CsvExporter.cpp">
      <Filter>Adapter</Filter>
    </ClCompile>
    <ClCompile Include="src\Adapter\IPreprocessor.cpp">
      <Filter>Adapter</Filter>
    </ClCompile>
    <ClCompile Include="src\UseCase\FeatureCalculator.cpp">
      <Filter>UseCase</Filter>
    </ClCompile>
    <ClCompile Include="src\UseCase\ScoreNormalizer.cpp">
      <Filter>UseCase</Filter>
    </ClCompile>
    <ClCompile Include="src\UseCase\SelectShapeRule.cpp">
      <Filter>UseCase</Filter>
    </ClCompile>
    <ClCompile Include="src\Profile\IniFile.cpp">
      <Filter>Profile</Filter>
    </ClCompile>
    <ClCompile Include="src\Profile\ProfileLoader.cpp">
      <Filter>Profile</Filter>
    </ClCompile>
  </ItemGroup>
</Project>
